
Microsoft Visual Studio Solution File, Format Version 12.00
# Visual Studio Version 16
VisualStudioVersion = 16.0.30907.101
MinimumVisualStudioVersion = 10.0.40219.1
Project("{FAE04EC0-301F-11D3-BF4B-00C04F79EFBC}") = "ShopBridge.Api", "ShopBridge.Api\ShopBridge.Api.csproj", "{98CA59FA-1DF3-4EC0-A81C-E3F086814B31}"
EndProject
Project("{FAE04EC0-301F-11D3-BF4B-00C04F79EFBC}") = "ShopBridge.Api.Dal", "ShopBridge.Api.Dal\ShopBridge.Api.Dal.csproj", "{9FF5BEF7-4C09-4C68-9E13-92B11EE0AAC4}"
EndProject
Project("{FAE04EC0-301F-11D3-BF4B-00C04F79EFBC}") = "ShopBridge.APi.Test", "ShopBridge.Api.Test\ShopBridge.Api.Test.csproj", "{8B7439AB-D6B1-4A60-A825-3B44FBC0D46A}"
EndProject
Global
	GlobalSection(SolutionConfigurationPlatforms) = preSolution
		Debug|Any CPU = Debug|Any CPU
		Release|Any CPU = Release|Any CPU
	EndGlobalSection
	GlobalSection(ProjectConfigurationPlatforms) = postSolution
		{98CA59FA-1DF3-4EC0-A81C-E3F086814B31}.Debug|Any CPU.ActiveCfg = Debug|Any CPU
		{98CA59FA-1DF3-4EC0-A81C-E3F086814B31}.Debug|Any CPU.Build.0 = Debug|Any CPU
		{98CA59FA-1DF3-4EC0-A81C-E3F086814B31}.Release|Any CPU.ActiveCfg = Release|Any CPU
		{98CA59FA-1DF3-4EC0-A81C-E3F086814B31}.Release|Any CPU.Build.0 = Release|Any CPU
		{9FF5BEF7-4C09-4C68-9E13-92B11EE0AAC4}.Debug|Any CPU.ActiveCfg = Debug|Any CPU
		{9FF5BEF7-4C09-4C68-9E13-92B11EE0AAC4}.Debug|Any CPU.Build.0 = Debug|Any CPU
		{9FF5BEF7-4C09-4C68-9E13-92B11EE0AAC4}.Release|Any CPU.ActiveCfg = Release|Any CPU
		{9FF5BEF7-4C09-4C68-9E13-92B11EE0AAC4}.Release|Any CPU.Build.0 = Release|Any CPU
		{8B7439AB-D6B1-4A60-A825-3B44FBC0D46A}.Debug|Any CPU.ActiveCfg = Debug|Any CPU
		{8B7439AB-D6B1-4A60-A825-3B44FBC0D46A}.Debug|Any CPU.Build.0 = Debug|Any CPU
		{8B7439AB-D6B1-4A60-A825-3B44FBC0D46A}.Release|Any CPU.ActiveCfg = Release|Any CPU
		{8B7439AB-D6B1-4A60-A825-3B44FBC0D46A}.Release|Any CPU.Build.0 = Release|Any CPU
	EndGlobalSection
	GlobalSection(SolutionProperties) = preSolution
		HideSolutionNode = FALSE
	EndGlobalSection
	GlobalSection(ExtensibilityGlobals) = postSolution
		SolutionGuid = {23FE26E8-77EE-47C4-B5F1-AED8B5C889AE}
	EndGlobalSection
EndGlobal
